// !$*UTF8*$!
{
	archiveVersion = 1;
	classes = {
	};
	objectVersion = 56;
	objects = {

/* Begin PBXBuildFile section */
		C38586422A38B3B60047A5D4 /* CeldaPokemonViewCell.swift in Sources */ = {isa = PBXBuildFile; fileRef = C38586412A38B3B60047A5D4 /* CeldaPokemonViewCell.swift */; };
		C385864A2A38C3770047A5D4 /* DetailPokemonPresenter.swift in Sources */ = {isa = PBXBuildFile; fileRef = C38586442A38C3770047A5D4 /* DetailPokemonPresenter.swift */; };
		C385864B2A38C3770047A5D4 /* DetailPokemonRouter.swift in Sources */ = {isa = PBXBuildFile; fileRef = C38586452A38C3770047A5D4 /* DetailPokemonRouter.swift */; };
		C385864C2A38C3770047A5D4 /* DetailPokemonViewController.swift in Sources */ = {isa = PBXBuildFile; fileRef = C38586462A38C3770047A5D4 /* DetailPokemonViewController.swift */; };
		C385864D2A38C3770047A5D4 /* DetailPokemonProtocols.swift in Sources */ = {isa = PBXBuildFile; fileRef = C38586472A38C3770047A5D4 /* DetailPokemonProtocols.swift */; };
		C385864E2A38C3770047A5D4 /* DetailPokemonInteractor.swift in Sources */ = {isa = PBXBuildFile; fileRef = C38586482A38C3770047A5D4 /* DetailPokemonInteractor.swift */; };
		C388837E2A34BAC100985FAB /* AppDelegate.swift in Sources */ = {isa = PBXBuildFile; fileRef = C388837D2A34BAC100985FAB /* AppDelegate.swift */; };
		C38883872A34BAC500985FAB /* Assets.xcassets in Resources */ = {isa = PBXBuildFile; fileRef = C38883862A34BAC500985FAB /* Assets.xcassets */; };
		C388838A2A34BAC500985FAB /* LaunchScreen.storyboard in Resources */ = {isa = PBXBuildFile; fileRef = C38883882A34BAC500985FAB /* LaunchScreen.storyboard */; };
		C38883992A34BB9700985FAB /* HomePokedexPresenter.swift in Sources */ = {isa = PBXBuildFile; fileRef = C38883932A34BB9700985FAB /* HomePokedexPresenter.swift */; };
		C388839A2A34BB9700985FAB /* HomePokedexRouter.swift in Sources */ = {isa = PBXBuildFile; fileRef = C38883942A34BB9700985FAB /* HomePokedexRouter.swift */; };
		C388839B2A34BB9700985FAB /* HomePokedexViewController.swift in Sources */ = {isa = PBXBuildFile; fileRef = C38883952A34BB9700985FAB /* HomePokedexViewController.swift */; };
		C388839C2A34BB9700985FAB /* HomePokedexProtocols.swift in Sources */ = {isa = PBXBuildFile; fileRef = C38883962A34BB9700985FAB /* HomePokedexProtocols.swift */; };
		C388839D2A34BB9700985FAB /* HomePokedexInteractor.swift in Sources */ = {isa = PBXBuildFile; fileRef = C38883972A34BB9700985FAB /* HomePokedexInteractor.swift */; };
		C38883A02A34BC1500985FAB /* Entity.swift in Sources */ = {isa = PBXBuildFile; fileRef = C388839F2A34BC1500985FAB /* Entity.swift */; };
		C38883A22A34C1D700985FAB /* UIExtension.swift in Sources */ = {isa = PBXBuildFile; fileRef = C38883A12A34C1D700985FAB /* UIExtension.swift */; };
		C38883A42A34C1DC00985FAB /* ConstansPokemon.swift in Sources */ = {isa = PBXBuildFile; fileRef = C38883A32A34C1DC00985FAB /* ConstansPokemon.swift */; };
		C38F5EBE2A3A586F007EDE38 /* pokemonFavorite.swift in Sources */ = {isa = PBXBuildFile; fileRef = C38F5EBD2A3A586F007EDE38 /* pokemonFavorite.swift */; };
		C3B215832A3A1E85005D0FA9 /* Favoritos.xcdatamodeld in Sources */ = {isa = PBXBuildFile; fileRef = C3B215812A3A1E84005D0FA9 /* Favoritos.xcdatamodeld */; };
/* End PBXBuildFile section */

/* Begin PBXFileReference section */
		C38586412A38B3B60047A5D4 /* CeldaPokemonViewCell.swift */ = {isa = PBXFileReference; lastKnownFileType = sourcecode.swift; path = CeldaPokemonViewCell.swift; sourceTree = "<group>"; };
		C38586442A38C3770047A5D4 /* DetailPokemonPresenter.swift */ = {isa = PBXFileReference; lastKnownFileType = sourcecode.swift; path = DetailPokemonPresenter.swift; sourceTree = "<group>"; };
		C38586452A38C3770047A5D4 /* DetailPokemonRouter.swift */ = {isa = PBXFileReference; lastKnownFileType = sourcecode.swift; path = DetailPokemonRouter.swift; sourceTree = "<group>"; };
		C38586462A38C3770047A5D4 /* DetailPokemonViewController.swift */ = {isa = PBXFileReference; lastKnownFileType = sourcecode.swift; path = DetailPokemonViewController.swift; sourceTree = "<group>"; };
		C38586472A38C3770047A5D4 /* DetailPokemonProtocols.swift */ = {isa = PBXFileReference; lastKnownFileType = sourcecode.swift; path = DetailPokemonProtocols.swift; sourceTree = "<group>"; };
		C38586482A38C3770047A5D4 /* DetailPokemonInteractor.swift */ = {isa = PBXFileReference; lastKnownFileType = sourcecode.swift; path = DetailPokemonInteractor.swift; sourceTree = "<group>"; };
		C388837A2A34BAC100985FAB /* PokedexNew.app */ = {isa = PBXFileReference; explicitFileType = wrapper.application; includeInIndex = 0; path = PokedexNew.app; sourceTree = BUILT_PRODUCTS_DIR; };
		C388837D2A34BAC100985FAB /* AppDelegate.swift */ = {isa = PBXFileReference; lastKnownFileType = sourcecode.swift; path = AppDelegate.swift; sourceTree = "<group>"; };
		C38883862A34BAC500985FAB /* Assets.xcassets */ = {isa = PBXFileReference; lastKnownFileType = folder.assetcatalog; path = Assets.xcassets; sourceTree = "<group>"; };
		C38883892A34BAC500985FAB /* Base */ = {isa = PBXFileReference; lastKnownFileType = file.storyboard; name = Base; path = Base.lproj/LaunchScreen.storyboard; sourceTree = "<group>"; };
		C388838B2A34BAC500985FAB /* Info.plist */ = {isa = PBXFileReference; lastKnownFileType = text.plist.xml; path = Info.plist; sourceTree = "<group>"; };
		C38883932A34BB9700985FAB /* HomePokedexPresenter.swift */ = {isa = PBXFileReference; lastKnownFileType = sourcecode.swift; path = HomePokedexPresenter.swift; sourceTree = "<group>"; };
		C38883942A34BB9700985FAB /* HomePokedexRouter.swift */ = {isa = PBXFileReference; lastKnownFileType = sourcecode.swift; path = HomePokedexRouter.swift; sourceTree = "<group>"; };
		C38883952A34BB9700985FAB /* HomePokedexViewController.swift */ = {isa = PBXFileReference; lastKnownFileType = sourcecode.swift; path = HomePokedexViewController.swift; sourceTree = "<group>"; };
		C38883962A34BB9700985FAB /* HomePokedexProtocols.swift */ = {isa = PBXFileReference; lastKnownFileType = sourcecode.swift; path = HomePokedexProtocols.swift; sourceTree = "<group>"; };
		C38883972A34BB9700985FAB /* HomePokedexInteractor.swift */ = {isa = PBXFileReference; lastKnownFileType = sourcecode.swift; path = HomePokedexInteractor.swift; sourceTree = "<group>"; };
		C388839F2A34BC1500985FAB /* Entity.swift */ = {isa = PBXFileReference; lastKnownFileType = sourcecode.swift; path = Entity.swift; sourceTree = "<group>"; };
		C38883A12A34C1D700985FAB /* UIExtension.swift */ = {isa = PBXFileReference; fileEncoding = 4; lastKnownFileType = sourcecode.swift; path = UIExtension.swift; sourceTree = "<group>"; };
		C38883A32A34C1DC00985FAB /* ConstansPokemon.swift */ = {isa = PBXFileReference; fileEncoding = 4; lastKnownFileType = sourcecode.swift; path = ConstansPokemon.swift; sourceTree = "<group>"; };
		C38F5EBD2A3A586F007EDE38 /* pokemonFavorite.swift */ = {isa = PBXFileReference; lastKnownFileType = sourcecode.swift; path = pokemonFavorite.swift; sourceTree = "<group>"; };
		C3B215822A3A1E84005D0FA9 /* Favoritos.xcdatamodel */ = {isa = PBXFileReference; lastKnownFileType = wrapper.xcdatamodel; path = Favoritos.xcdatamodel; sourceTree = "<group>"; };
/* End PBXFileReference section */

/* Begin PBXFrameworksBuildPhase section */
		C38883772A34BAC100985FAB /* Frameworks */ = {
			isa = PBXFrameworksBuildPhase;
			buildActionMask = 2147483647;
			files = (
			);
			runOnlyForDeploymentPostprocessing = 0;
		};
/* End PBXFrameworksBuildPhase section */

/* Begin PBXGroup section */
		C38586432A38C2250047A5D4 /* PokemonDetail */ = {
			isa = PBXGroup;
			children = (
				C38586442A38C3770047A5D4 /* DetailPokemonPresenter.swift */,
				C38586452A38C3770047A5D4 /* DetailPokemonRouter.swift */,
				C38586462A38C3770047A5D4 /* DetailPokemonViewController.swift */,
				C38586472A38C3770047A5D4 /* DetailPokemonProtocols.swift */,
				C38586482A38C3770047A5D4 /* DetailPokemonInteractor.swift */,
				C38F5EBD2A3A586F007EDE38 /* pokemonFavorite.swift */,
			);
			path = PokemonDetail;
			sourceTree = "<group>";
		};
		C38883712A34BAC000985FAB = {
			isa = PBXGroup;
			children = (
				C388837C2A34BAC100985FAB /* PokedexNew */,
				C388837B2A34BAC100985FAB /* Products */,
			);
			sourceTree = "<group>";
		};
		C388837B2A34BAC100985FAB /* Products */ = {
			isa = PBXGroup;
			children = (
				C388837A2A34BAC100985FAB /* PokedexNew.app */,
			);
			name = Products;
			sourceTree = "<group>";
		};
		C388837C2A34BAC100985FAB /* PokedexNew */ = {
			isa = PBXGroup;
			children = (
				C38586432A38C2250047A5D4 /* PokemonDetail */,
				C38883912A34BB5E00985FAB /* Home */,
				C388837D2A34BAC100985FAB /* AppDelegate.swift */,
				C3B215812A3A1E84005D0FA9 /* Favoritos.xcdatamodeld */,
				C38883862A34BAC500985FAB /* Assets.xcassets */,
				C38883882A34BAC500985FAB /* LaunchScreen.storyboard */,
				C388838B2A34BAC500985FAB /* Info.plist */,
				C38883A52A34C1E900985FAB /* Utilitis */,
			);
			path = PokedexNew;
			sourceTree = "<group>";
		};
		C38883912A34BB5E00985FAB /* Home */ = {
			isa = PBXGroup;
			children = (
				C38883932A34BB9700985FAB /* HomePokedexPresenter.swift */,
				C38883942A34BB9700985FAB /* HomePokedexRouter.swift */,
				C38883952A34BB9700985FAB /* HomePokedexViewController.swift */,
				C38883962A34BB9700985FAB /* HomePokedexProtocols.swift */,
				C38883972A34BB9700985FAB /* HomePokedexInteractor.swift */,
				C38586412A38B3B60047A5D4 /* CeldaPokemonViewCell.swift */,
			);
			path = Home;
			sourceTree = "<group>";
		};
		C38883A52A34C1E900985FAB /* Utilitis */ = {
			isa = PBXGroup;
			children = (
				C388839F2A34BC1500985FAB /* Entity.swift */,
				C38883A12A34C1D700985FAB /* UIExtension.swift */,
				C38883A32A34C1DC00985FAB /* ConstansPokemon.swift */,
			);
			path = Utilitis;
			sourceTree = "<group>";
		};
/* End PBXGroup section */

/* Begin PBXNativeTarget section */
		C38883792A34BAC100985FAB /* PokedexNew */ = {
			isa = PBXNativeTarget;
			buildConfigurationList = C388838E2A34BAC500985FAB /* Build configuration list for PBXNativeTarget "PokedexNew" */;
			buildPhases = (
				C38883762A34BAC100985FAB /* Sources */,
				C38883772A34BAC100985FAB /* Frameworks */,
				C38883782A34BAC100985FAB /* Resources */,
			);
			buildRules = (
			);
			dependencies = (
			);
			name = PokedexNew;
			productName = PokedexNew;
			productReference = C388837A2A34BAC100985FAB /* PokedexNew.app */;
			productType = "com.apple.product-type.application";
		};
/* End PBXNativeTarget section */

/* Begin PBXProject section */
		C38883722A34BAC000985FAB /* Project object */ = {
			isa = PBXProject;
			attributes = {
				BuildIndependentTargetsInParallel = 1;
				LastSwiftUpdateCheck = 1420;
				LastUpgradeCheck = 1420;
				TargetAttributes = {
					C38883792A34BAC100985FAB = {
						CreatedOnToolsVersion = 14.2;
					};
				};
			};
			buildConfigurationList = C38883752A34BAC100985FAB /* Build configuration list for PBXProject "PokedexNew" */;
			compatibilityVersion = "Xcode 14.0";
			developmentRegion = en;
			hasScannedForEncodings = 0;
			knownRegions = (
				en,
				Base,
			);
			mainGroup = C38883712A34BAC000985FAB;
			productRefGroup = C388837B2A34BAC100985FAB /* Products */;
			projectDirPath = "";
			projectRoot = "";
			targets = (
				C38883792A34BAC100985FAB /* PokedexNew */,
			);
		};
/* End PBXProject section */

/* Begin PBXResourcesBuildPhase section */
		C38883782A34BAC100985FAB /* Resources */ = {
			isa = PBXResourcesBuildPhase;
			buildActionMask = 2147483647;
			files = (
				C388838A2A34BAC500985FAB /* LaunchScreen.storyboard in Resources */,
				C38883872A34BAC500985FAB /* Assets.xcassets in Resources */,
			);
			runOnlyForDeploymentPostprocessing = 0;
		};
/* End PBXResourcesBuildPhase section */

/* Begin PBXSourcesBuildPhase section */
		C38883762A34BAC100985FAB /* Sources */ = {
			isa = PBXSourcesBuildPhase;
			buildActionMask = 2147483647;
			files = (
				C38883992A34BB9700985FAB /* HomePokedexPresenter.swift in Sources */,
				C385864B2A38C3770047A5D4 /* DetailPokemonRouter.swift in Sources */,
				C385864D2A38C3770047A5D4 /* DetailPokemonProtocols.swift in Sources */,
				C388839C2A34BB9700985FAB /* HomePokedexProtocols.swift in Sources */,
				C38883A02A34BC1500985FAB /* Entity.swift in Sources */,
				C38586422A38B3B60047A5D4 /* CeldaPokemonViewCell.swift in Sources */,
				C388839D2A34BB9700985FAB /* HomePokedexInteractor.swift in Sources */,
				C38F5EBE2A3A586F007EDE38 /* pokemonFavorite.swift in Sources */,
				C388837E2A34BAC100985FAB /* AppDelegate.swift in Sources */,
				C38883A42A34C1DC00985FAB /* ConstansPokemon.swift in Sources */,
				C388839B2A34BB9700985FAB /* HomePokedexViewController.swift in Sources */,
				C388839A2A34BB9700985FAB /* HomePokedexRouter.swift in Sources */,
				C3B215832A3A1E85005D0FA9 /* Favoritos.xcdatamodeld in Sources */,
				C385864E2A38C3770047A5D4 /* DetailPokemonInteractor.swift in Sources */,
				C38883A22A34C1D700985FAB /* UIExtension.swift in Sources */,
				C385864A2A38C3770047A5D4 /* DetailPokemonPresenter.swift in Sources */,
				C385864C2A38C3770047A5D4 /* DetailPokemonViewController.swift in Sources */,
			);
			runOnlyForDeploymentPostprocessing = 0;
		};
/* End PBXSourcesBuildPhase section */

/* Begin PBXVariantGroup section */
		C38883882A34BAC500985FAB /* LaunchScreen.storyboard */ = {
			isa = PBXVariantGroup;
			children = (
				C38883892A34BAC500985FAB /* Base */,
			);
			name = LaunchScreen.storyboard;
			sourceTree = "<group>";
		};
/* End PBXVariantGroup section */

/* Begin XCBuildConfiguration section */
		C388838C2A34BAC500985FAB /* Debug */ = {
			isa = XCBuildConfiguration;
			buildSettings = {
				ALWAYS_SEARCH_USER_PATHS = NO;
				CLANG_ANALYZER_NONNULL = YES;
				CLANG_ANALYZER_NUMBER_OBJECT_CONVERSION = YES_AGGRESSIVE;
				CLANG_CXX_LANGUAGE_STANDARD = "gnu++20";
				CLANG_ENABLE_MODULES = YES;
				CLANG_ENABLE_OBJC_ARC = YES;
				CLANG_ENABLE_OBJC_WEAK = YES;
				CLANG_WARN_BLOCK_CAPTURE_AUTORELEASING = YES;
				CLANG_WARN_BOOL_CONVERSION = YES;
				CLANG_WARN_COMMA = YES;
				CLANG_WARN_CONSTANT_CONVERSION = YES;
				CLANG_WARN_DEPRECATED_OBJC_IMPLEMENTATIONS = YES;
				CLANG_WARN_DIRECT_OBJC_ISA_USAGE = YES_ERROR;
				CLANG_WARN_DOCUMENTATION_COMMENTS = YES;
				CLANG_WARN_EMPTY_BODY = YES;
				CLANG_WARN_ENUM_CONVERSION = YES;
				CLANG_WARN_INFINITE_RECURSION = YES;
				CLANG_WARN_INT_CONVERSION = YES;
				CLANG_WARN_NON_LITERAL_NULL_CONVERSION = YES;
				CLANG_WARN_OBJC_IMPLICIT_RETAIN_SELF = YES;
				CLANG_WARN_OBJC_LITERAL_CONVERSION = YES;
				CLANG_WARN_OBJC_ROOT_CLASS = YES_ERROR;
				CLANG_WARN_QUOTED_INCLUDE_IN_FRAMEWORK_HEADER = YES;
				CLANG_WARN_RANGE_LOOP_ANALYSIS = YES;
				CLANG_WARN_STRICT_PROTOTYPES = YES;
				CLANG_WARN_SUSPICIOUS_MOVE = YES;
				CLANG_WARN_UNGUARDED_AVAILABILITY = YES_AGGRESSIVE;
				CLANG_WARN_UNREACHABLE_CODE = YES;
				CLANG_WARN__DUPLICATE_METHOD_MATCH = YES;
				COPY_PHASE_STRIP = NO;
				DEBUG_INFORMATION_FORMAT = dwarf;
				ENABLE_STRICT_OBJC_MSGSEND = YES;
				ENABLE_TESTABILITY = YES;
				GCC_C_LANGUAGE_STANDARD = gnu11;
				GCC_DYNAMIC_NO_PIC = NO;
				GCC_NO_COMMON_BLOCKS = YES;
				GCC_OPTIMIZATION_LEVEL = 0;
				GCC_PREPROCESSOR_DEFINITIONS = (
					"DEBUG=1",
					"$(inherited)",
				);
				GCC_WARN_64_TO_32_BIT_CONVERSION = YES;
				GCC_WARN_ABOUT_RETURN_TYPE = YES_ERROR;
				GCC_WARN_UNDECLARED_SELECTOR = YES;
				GCC_WARN_UNINITIALIZED_AUTOS = YES_AGGRESSIVE;
				GCC_WARN_UNUSED_FUNCTION = YES;
				GCC_WARN_UNUSED_VARIABLE = YES;
				IPHONEOS_DEPLOYMENT_TARGET = 16.2;
				MTL_ENABLE_DEBUG_INFO = INCLUDE_SOURCE;
				MTL_FAST_MATH = YES;
				ONLY_ACTIVE_ARCH = YES;
				SDKROOT = iphoneos;
				SWIFT_ACTIVE_COMPILATION_CONDITIONS = DEBUG;
				SWIFT_OPTIMIZATION_LEVEL = "-Onone";
			};
			name = Debug;
		};
		C388838D2A34BAC500985FAB /* Release */ = {
			isa = XCBuildConfiguration;
			buildSettings = {
				ALWAYS_SEARCH_USER_PATHS = NO;
				CLANG_ANALYZER_NONNULL = YES;
				CLANG_ANALYZER_NUMBER_OBJECT_CONVERSION = YES_AGGRESSIVE;
				CLANG_CXX_LANGUAGE_STANDARD = "gnu++20";
				CLANG_ENABLE_MODULES = YES;
				CLANG_ENABLE_OBJC_ARC = YES;
				CLANG_ENABLE_OBJC_WEAK = YES;
				CLANG_WARN_BLOCK_CAPTURE_AUTORELEASING = YES;
				CLANG_WARN_BOOL_CONVERSION = YES;
				CLANG_WARN_COMMA = YES;
				CLANG_WARN_CONSTANT_CONVERSION = YES;
				CLANG_WARN_DEPRECATED_OBJC_IMPLEMENTATIONS = YES;
				CLANG_WARN_DIRECT_OBJC_ISA_USAGE = YES_ERROR;
				CLANG_WARN_DOCUMENTATION_COMMENTS = YES;
				CLANG_WARN_EMPTY_BODY = YES;
				CLANG_WARN_ENUM_CONVERSION = YES;
				CLANG_WARN_INFINITE_RECURSION = YES;
				CLANG_WARN_INT_CONVERSION = YES;
				CLANG_WARN_NON_LITERAL_NULL_CONVERSION = YES;
				CLANG_WARN_OBJC_IMPLICIT_RETAIN_SELF = YES;
				CLANG_WARN_OBJC_LITERAL_CONVERSION = YES;
				CLANG_WARN_OBJC_ROOT_CLASS = YES_ERROR;
				CLANG_WARN_QUOTED_INCLUDE_IN_FRAMEWORK_HEADER = YES;
				CLANG_WARN_RANGE_LOOP_ANALYSIS = YES;
				CLANG_WARN_STRICT_PROTOTYPES = YES;
				CLANG_WARN_SUSPICIOUS_MOVE = YES;
				CLANG_WARN_UNGUARDED_AVAILABILITY = YES_AGGRESSIVE;
				CLANG_WARN_UNREACHABLE_CODE = YES;
				CLANG_WARN__DUPLICATE_METHOD_MATCH = YES;
				COPY_PHASE_STRIP = NO;
				DEBUG_INFORMATION_FORMAT = "dwarf-with-dsym";
				ENABLE_NS_ASSERTIONS = NO;
				ENABLE_STRICT_OBJC_MSGSEND = YES;
				GCC_C_LANGUAGE_STANDARD = gnu11;
				GCC_NO_COMMON_BLOCKS = YES;
				GCC_WARN_64_TO_32_BIT_CONVERSION = YES;
				GCC_WARN_ABOUT_RETURN_TYPE = YES_ERROR;
				GCC_WARN_UNDECLARED_SELECTOR = YES;
				GCC_WARN_UNINITIALIZED_AUTOS = YES_AGGRESSIVE;
				GCC_WARN_UNUSED_FUNCTION = YES;
				GCC_WARN_UNUSED_VARIABLE = YES;
				IPHONEOS_DEPLOYMENT_TARGET = 16.2;
				MTL_ENABLE_DEBUG_INFO = NO;
				MTL_FAST_MATH = YES;
				SDKROOT = iphoneos;
				SWIFT_COMPILATION_MODE = wholemodule;
				SWIFT_OPTIMIZATION_LEVEL = "-O";
				VALIDATE_PRODUCT = YES;
			};
			name = Release;
		};
		C388838F2A34BAC500985FAB /* Debug */ = {
			isa = XCBuildConfiguration;
			buildSettings = {
				ASSETCATALOG_COMPILER_APPICON_NAME = AppIcon;
				ASSETCATALOG_COMPILER_GLOBAL_ACCENT_COLOR_NAME = AccentColor;
				CODE_SIGN_STYLE = Automatic;
				CURRENT_PROJECT_VERSION = 1;
				DEVELOPMENT_TEAM = 8NL7N7R3D9;
				GENERATE_INFOPLIST_FILE = YES;
				INFOPLIST_FILE = PokedexNew/Info.plist;
				INFOPLIST_KEY_UIApplicationSupportsIndirectInputEvents = YES;
				INFOPLIST_KEY_UILaunchStoryboardName = LaunchScreen;
				INFOPLIST_KEY_UISupportedInterfaceOrientations_iPad = "UIInterfaceOrientationPortrait UIInterfaceOrientationPortraitUpsideDown UIInterfaceOrientationLandscapeLeft UIInterfaceOrientationLandscapeRight";
				INFOPLIST_KEY_UISupportedInterfaceOrientations_iPhone = "UIInterfaceOrientationPortrait UIInterfaceOrientationLandscapeLeft UIInterfaceOrientationLandscapeRight";
				IPHONEOS_DEPLOYMENT_TARGET = 15.0;
				LD_RUNPATH_SEARCH_PATHS = (
					"$(inherited)",
					"@executable_path/Frameworks",
				);
				MARKETING_VERSION = 1.0;
				PRODUCT_BUNDLE_IDENTIFIER = com.armadapc.PokedexNew;
				PRODUCT_NAME = "$(TARGET_NAME)";
				SWIFT_EMIT_LOC_STRINGS = YES;
				SWIFT_VERSION = 5.0;
				TARGETED_DEVICE_FAMILY = "1,2";
			};
			name = Debug;
		};
		C38883902A34BAC500985FAB /* Release */ = {
			isa = XCBuildConfiguration;
			buildSettings = {
				ASSETCATALOG_COMPILER_APPICON_NAME = AppIcon;
				ASSETCATALOG_COMPILER_GLOBAL_ACCENT_COLOR_NAME = AccentColor;
				CODE_SIGN_STYLE = Automatic;
				CURRENT_PROJECT_VERSION = 1;
				DEVELOPMENT_TEAM = 8NL7N7R3D9;
				GENERATE_INFOPLIST_FILE = YES;
				INFOPLIST_FILE = PokedexNew/Info.plist;
				INFOPLIST_KEY_UIApplicationSupportsIndirectInputEvents = YES;
				INFOPLIST_KEY_UILaunchStoryboardName = LaunchScreen;
				INFOPLIST_KEY_UISupportedInterfaceOrientations_iPad = "UIInterfaceOrientationPortrait UIInterfaceOrientationPortraitUpsideDown UIInterfaceOrientationLandscapeLeft UIInterfaceOrientationLandscapeRight";
				INFOPLIST_KEY_UISupportedInterfaceOrientations_iPhone = "UIInterfaceOrientationPortrait UIInterfaceOrientationLandscapeLeft UIInterfaceOrientationLandscapeRight";
				IPHONEOS_DEPLOYMENT_TARGET = 15.0;
				LD_RUNPATH_SEARCH_PATHS = (
					"$(inherited)",
					"@executable_path/Frameworks",
				);
				MARKETING_VERSION = 1.0;
				PRODUCT_BUNDLE_IDENTIFIER = com.armadapc.PokedexNew;
				PRODUCT_NAME = "$(TARGET_NAME)";
				SWIFT_EMIT_LOC_STRINGS = YES;
				SWIFT_VERSION = 5.0;
				TARGETED_DEVICE_FAMILY = "1,2";
			};
			name = Release;
		};
/* End XCBuildConfiguration section */

/* Begin XCConfigurationList section */
		C38883752A34BAC100985FAB /* Build configuration list for PBXProject "PokedexNew" */ = {
			isa = XCConfigurationList;
			buildConfigurations = (
				C388838C2A34BAC500985FAB /* Debug */,
				C388838D2A34BAC500985FAB /* Release */,
			);
			defaultConfigurationIsVisible = 0;
			defaultConfigurationName = Release;
		};
		C388838E2A34BAC500985FAB /* Build configuration list for PBXNativeTarget "PokedexNew" */ = {
			isa = XCConfigurationList;
			buildConfigurations = (
				C388838F2A34BAC500985FAB /* Debug */,
				C38883902A34BAC500985FAB /* Release */,
			);
			defaultConfigurationIsVisible = 0;
			defaultConfigurationName = Release;
		};
/* End XCConfigurationList section */

/* Begin XCVersionGroup section */
		C3B215812A3A1E84005D0FA9 /* Favoritos.xcdatamodeld */ = {
			isa = XCVersionGroup;
			children = (
				C3B215822A3A1E84005D0FA9 /* Favoritos.xcdatamodel */,
			);
			currentVersion = C3B215822A3A1E84005D0FA9 /* Favoritos.xcdatamodel */;
			path = Favoritos.xcdatamodeld;
			sourceTree = "<group>";
			versionGroupType = wrapper.xcdatamodel;
		};
/* End XCVersionGroup section */
	};
	rootObject = C38883722A34BAC000985FAB /* Project object */;
}
